
Microsoft Visual Studio Solution File, Format Version 12.00
# Visual Studio Version 17
VisualStudioVersion = 17.2.32602.215
MinimumVisualStudioVersion = 10.0.40219.1
Project("{9A19103F-16F7-4668-BE54-9A1E7A4F7556}") = "03_Delegates", "Delegates\03_Delegates.csproj", "{2A092149-FF42-4EC2-A764-B466D01A80E0}"
EndProject
Project("{9A19103F-16F7-4668-BE54-9A1E7A4F7556}") = "04_LambdaExpressions", "LambdaExpressions\04_LambdaExpressions.csproj", "{EA9058B0-5260-494F-A37A-708D3CDCB72E}"
EndProject
Project("{9A19103F-16F7-4668-BE54-9A1E7A4F7556}") = "01_Inheritance", "Inheritance\01_Inheritance.csproj", "{F6230601-6ECA-4A94-A703-381C0A0E4320}"
EndProject
Project("{9A19103F-16F7-4668-BE54-9A1E7A4F7556}") = "02_Interfaces", "02_Interfaces\02_Interfaces.csproj", "{52412B64-1EF0-453B-A4A4-EA006ABE344A}"
EndProject
Project("{9A19103F-16F7-4668-BE54-9A1E7A4F7556}") = "05_Events", "05_Events\05_Events.csproj", "{5AE9DCF9-B870-412E-B9D6-C74617203DF5}"
EndProject
Project("{9A19103F-16F7-4668-BE54-9A1E7A4F7556}") = "06_WinFormsMVC", "WinFormsMVC\06_WinFormsMVC.csproj", "{72557A0A-6C66-4413-A076-F872F20ACEBB}"
EndProject
Project("{FAE04EC0-301F-11D3-BF4B-00C04F79EFBC}") = "07_LINQ", "07_LINQ\07_LINQ.csproj", "{628A6264-3BBA-4C68-AE8A-3AF8618D9F11}"
EndProject
Global
	GlobalSection(SolutionConfigurationPlatforms) = preSolution
		Debug|Any CPU = Debug|Any CPU
		Release|Any CPU = Release|Any CPU
	EndGlobalSection
	GlobalSection(ProjectConfigurationPlatforms) = postSolution
		{2A092149-FF42-4EC2-A764-B466D01A80E0}.Debug|Any CPU.ActiveCfg = Debug|Any CPU
		{2A092149-FF42-4EC2-A764-B466D01A80E0}.Debug|Any CPU.Build.0 = Debug|Any CPU
		{2A092149-FF42-4EC2-A764-B466D01A80E0}.Release|Any CPU.ActiveCfg = Release|Any CPU
		{2A092149-FF42-4EC2-A764-B466D01A80E0}.Release|Any CPU.Build.0 = Release|Any CPU
		{EA9058B0-5260-494F-A37A-708D3CDCB72E}.Debug|Any CPU.ActiveCfg = Debug|Any CPU
		{EA9058B0-5260-494F-A37A-708D3CDCB72E}.Debug|Any CPU.Build.0 = Debug|Any CPU
		{EA9058B0-5260-494F-A37A-708D3CDCB72E}.Release|Any CPU.ActiveCfg = Release|Any CPU
		{EA9058B0-5260-494F-A37A-708D3CDCB72E}.Release|Any CPU.Build.0 = Release|Any CPU
		{F6230601-6ECA-4A94-A703-381C0A0E4320}.Debug|Any CPU.ActiveCfg = Debug|Any CPU
		{F6230601-6ECA-4A94-A703-381C0A0E4320}.Debug|Any CPU.Build.0 = Debug|Any CPU
		{F6230601-6ECA-4A94-A703-381C0A0E4320}.Release|Any CPU.ActiveCfg = Release|Any CPU
		{F6230601-6ECA-4A94-A703-381C0A0E4320}.Release|Any CPU.Build.0 = Release|Any CPU
		{52412B64-1EF0-453B-A4A4-EA006ABE344A}.Debug|Any CPU.ActiveCfg = Debug|Any CPU
		{52412B64-1EF0-453B-A4A4-EA006ABE344A}.Debug|Any CPU.Build.0 = Debug|Any CPU
		{52412B64-1EF0-453B-A4A4-EA006ABE344A}.Release|Any CPU.ActiveCfg = Release|Any CPU
		{52412B64-1EF0-453B-A4A4-EA006ABE344A}.Release|Any CPU.Build.0 = Release|Any CPU
		{5AE9DCF9-B870-412E-B9D6-C74617203DF5}.Debug|Any CPU.ActiveCfg = Debug|Any CPU
		{5AE9DCF9-B870-412E-B9D6-C74617203DF5}.Debug|Any CPU.Build.0 = Debug|Any CPU
		{5AE9DCF9-B870-412E-B9D6-C74617203DF5}.Release|Any CPU.ActiveCfg = Release|Any CPU
		{5AE9DCF9-B870-412E-B9D6-C74617203DF5}.Release|Any CPU.Build.0 = Release|Any CPU
		{72557A0A-6C66-4413-A076-F872F20ACEBB}.Debug|Any CPU.ActiveCfg = Debug|Any CPU
		{72557A0A-6C66-4413-A076-F872F20ACEBB}.Debug|Any CPU.Build.0 = Debug|Any CPU
		{72557A0A-6C66-4413-A076-F872F20ACEBB}.Release|Any CPU.ActiveCfg = Release|Any CPU
		{72557A0A-6C66-4413-A076-F872F20ACEBB}.Release|Any CPU.Build.0 = Release|Any CPU
		{628A6264-3BBA-4C68-AE8A-3AF8618D9F11}.Debug|Any CPU.ActiveCfg = Debug|Any CPU
		{628A6264-3BBA-4C68-AE8A-3AF8618D9F11}.Debug|Any CPU.Build.0 = Debug|Any CPU
		{628A6264-3BBA-4C68-AE8A-3AF8618D9F11}.Release|Any CPU.ActiveCfg = Release|Any CPU
		{628A6264-3BBA-4C68-AE8A-3AF8618D9F11}.Release|Any CPU.Build.0 = Release|Any CPU
	EndGlobalSection
	GlobalSection(SolutionProperties) = preSolution
		HideSolutionNode = FALSE
	EndGlobalSection
	GlobalSection(ExtensibilityGlobals) = postSolution
		SolutionGuid = {AD155DB5-D092-464D-8462-4E83F917FACD}
	EndGlobalSection
EndGlobal
